
Microsoft Visual Studio Solution File, Format Version 12.00
# Visual Studio Version 16
VisualStudioVersion = 16.0.32929.386
MinimumVisualStudioVersion = 10.0.40219.1
Project("{FAE04EC0-301F-11D3-BF4B-00C04F79EFBC}") = "FullTecno", "FullTecno\FullTecno.csproj", "{79BABCBC-0654-4C4F-8D19-43E4FC06A90D}"
EndProject
Global
	GlobalSection(SolutionConfigurationPlatforms) = preSolution
		Debug|Any CPU = Debug|Any CPU
		Release|Any CPU = Release|Any CPU
	EndGlobalSection
	GlobalSection(ProjectConfigurationPlatforms) = postSolution
		{79BABCBC-0654-4C4F-8D19-43E4FC06A90D}.Debug|Any CPU.ActiveCfg = Debug|Any CPU
		{79BABCBC-0654-4C4F-8D19-43E4FC06A90D}.Debug|Any CPU.Build.0 = Debug|Any CPU
		{79BABCBC-0654-4C4F-8D19-43E4FC06A90D}.Release|Any CPU.ActiveCfg = Release|Any CPU
		{79BABCBC-0654-4C4F-8D19-43E4FC06A90D}.Release|Any CPU.Build.0 = Release|Any CPU
	EndGlobalSection
	GlobalSection(SolutionProperties) = preSolution
		HideSolutionNode = FALSE
	EndGlobalSection
	GlobalSection(ExtensibilityGlobals) = postSolution
		SolutionGuid = {E243A727-B6CC-4EE9-9B44-2CB33D6648B0}
	EndGlobalSection
EndGlobal
